// !$*UTF8*$!
{
	archiveVersion = 1;
	classes = {
	};
	objectVersion = 56;
	objects = {

/* Begin PBXBuildFile section */
		103D89B82EAFC4A0008719C8 /* SBRoundEntryViewModel.swift in Sources */ = {isa = PBXBuildFile; fileRef = 103D89B72EAFC490008719C8 /* SBRoundEntryViewModel.swift */; };
		103D89BB2EB01603008719C8 /* SettingsView.swift in Sources */ = {isa = PBXBuildFile; fileRef = 103D89BA2EB01603008719C8 /* SettingsView.swift */; };
		103D89BC2EB020EA008719C8 /* launchscreen.storyboard in Resources */ = {isa = PBXBuildFile; fileRef = 107940C62EAA5D84000A9918 /* launchscreen.storyboard */; };
		1070ED5C2E9EBD6E00E1D151 /* SBRoundEntryView.swift in Sources */ = {isa = PBXBuildFile; fileRef = 1070ED5B2E9EBD6E00E1D151 /* SBRoundEntryView.swift */; };
		1070ED5F2E9ED86700E1D151 /* BoolExtension.swift in Sources */ = {isa = PBXBuildFile; fileRef = 1070ED5E2E9ED86100E1D151 /* BoolExtension.swift */; };
		1070ED612E9FDAD600E1D151 /* DictionaryExtension.swift in Sources */ = {isa = PBXBuildFile; fileRef = 1070ED602E9FDACF00E1D151 /* DictionaryExtension.swift */; };
		1070ED632EA10AF900E1D151 /* SchnapsGameViewModel.swift in Sources */ = {isa = PBXBuildFile; fileRef = 1070ED622EA10AF200E1D151 /* SchnapsGameViewModel.swift */; };
		1070ED652EA29BFB00E1D151 /* UUIDExtension.swift in Sources */ = {isa = PBXBuildFile; fileRef = 1070ED642EA29BF100E1D151 /* UUIDExtension.swift */; };
		1070ED672EA8E9E800E1D151 /* ViewExtension.swift in Sources */ = {isa = PBXBuildFile; fileRef = 1070ED662EA8E9E200E1D151 /* ViewExtension.swift */; };
		1070ED692EA8EAE100E1D151 /* TextExtension.swift in Sources */ = {isa = PBXBuildFile; fileRef = 1070ED682EA8EADB00E1D151 /* TextExtension.swift */; };
		1072E9C32D4FDE01000F7B20 /* SBPlayer.swift in Sources */ = {isa = PBXBuildFile; fileRef = 1072E9C22D4FDE01000F7B20 /* SBPlayer.swift */; };
		1072E9C52D4FDE64000F7B20 /* SBGameRound.swift in Sources */ = {isa = PBXBuildFile; fileRef = 1072E9C42D4FDE64000F7B20 /* SBGameRound.swift */; };
		1072E9C72D4FDE73000F7B20 /* SBGameType.swift in Sources */ = {isa = PBXBuildFile; fileRef = 1072E9C62D4FDE73000F7B20 /* SBGameType.swift */; };
		1072E9C92D4FE23F000F7B20 /* SBGame.swift in Sources */ = {isa = PBXBuildFile; fileRef = 1072E9C82D4FE23F000F7B20 /* SBGame.swift */; };
		1072E9CB2D4FE39C000F7B20 /* SBSchnapsBook.swift in Sources */ = {isa = PBXBuildFile; fileRef = 1072E9CA2D4FE39C000F7B20 /* SBSchnapsBook.swift */; };
		1072E9EA2D50FD10000F7B20 /* PlayersView.swift in Sources */ = {isa = PBXBuildFile; fileRef = 1072E9E92D50FD10000F7B20 /* PlayersView.swift */; };
		1072E9ED2D50FE56000F7B20 /* SchnapsGamesView.swift in Sources */ = {isa = PBXBuildFile; fileRef = 1072E9EC2D50FE56000F7B20 /* SchnapsGamesView.swift */; };
		1072E9EF2D5104AF000F7B20 /* PlayerDetail.swift in Sources */ = {isa = PBXBuildFile; fileRef = 1072E9EE2D5104AF000F7B20 /* PlayerDetail.swift */; };
		1072E9F12D510A97000F7B20 /* NewPlayerView.swift in Sources */ = {isa = PBXBuildFile; fileRef = 1072E9F02D510A97000F7B20 /* NewPlayerView.swift */; };
		1072E9F32D512FDE000F7B20 /* GameCreationView.swift in Sources */ = {isa = PBXBuildFile; fileRef = 1072E9F22D512FDE000F7B20 /* GameCreationView.swift */; };
		107940CA2EAA75C7000A9918 /* FormTextLabelRow.swift in Sources */ = {isa = PBXBuildFile; fileRef = 107940C92EAA75C7000A9918 /* FormTextLabelRow.swift */; };
		107940CC2EAA7DCE000A9918 /* Colors.xcassets in Resources */ = {isa = PBXBuildFile; fileRef = 107940CB2EAA7DCE000A9918 /* Colors.xcassets */; };
		107940CE2EAA8DB8000A9918 /* ColorExtension.swift in Sources */ = {isa = PBXBuildFile; fileRef = 107940CD2EAA8DB4000A9918 /* ColorExtension.swift */; };
		107940D02EAA98D7000A9918 /* NavigationBarExtension.swift in Sources */ = {isa = PBXBuildFile; fileRef = 107940CF2EAA98CA000A9918 /* NavigationBarExtension.swift */; };
		10D862F92D3BD5A1000C66E6 /* SchnapsBookApp.swift in Sources */ = {isa = PBXBuildFile; fileRef = 10D862F82D3BD5A1000C66E6 /* SchnapsBookApp.swift */; };
		10D862FF2D3BD5A3000C66E6 /* Assets.xcassets in Resources */ = {isa = PBXBuildFile; fileRef = 10D862FE2D3BD5A3000C66E6 /* Assets.xcassets */; };
		10D863022D3BD5A3000C66E6 /* Preview Assets.xcassets in Resources */ = {isa = PBXBuildFile; fileRef = 10D863012D3BD5A3000C66E6 /* Preview Assets.xcassets */; };
		10D8630B2D3BD607000C66E6 /* SchnapsViewModel.swift in Sources */ = {isa = PBXBuildFile; fileRef = 10D8630A2D3BD607000C66E6 /* SchnapsViewModel.swift */; };
		10D8630F2D3BD8A2000C66E6 /* SchnapsMainView.swift in Sources */ = {isa = PBXBuildFile; fileRef = 10D8630E2D3BD8A2000C66E6 /* SchnapsMainView.swift */; };
		10D863112D3BD8B0000C66E6 /* SchnapsGameView.swift in Sources */ = {isa = PBXBuildFile; fileRef = 10D863102D3BD8B0000C66E6 /* SchnapsGameView.swift */; };
		10E47A4A2EAD05CF000862A5 /* DisabledStylingModifier.swift in Sources */ = {isa = PBXBuildFile; fileRef = 10E47A492EAD05B8000862A5 /* DisabledStylingModifier.swift */; };
		10E47A4C2EAD4BC1000862A5 /* FormStyleModifier.swift in Sources */ = {isa = PBXBuildFile; fileRef = 10E47A4B2EAD4BB6000862A5 /* FormStyleModifier.swift */; };
		10E47A4E2EAD4C5C000862A5 /* ButtonStylingModifier.swift in Sources */ = {isa = PBXBuildFile; fileRef = 10E47A4D2EAD4C4A000862A5 /* ButtonStylingModifier.swift */; };
		10E47A502EAD4DD7000862A5 /* SBButton.swift in Sources */ = {isa = PBXBuildFile; fileRef = 10E47A4F2EAD4DD7000862A5 /* SBButton.swift */; };
		10E47A532EAEC915000862A5 /* RoundDetailPopup.swift in Sources */ = {isa = PBXBuildFile; fileRef = 10E47A522EAEC915000862A5 /* RoundDetailPopup.swift */; };
		10E47A552EAECB1E000862A5 /* SBPopupCard.swift in Sources */ = {isa = PBXBuildFile; fileRef = 10E47A542EAECB1E000862A5 /* SBPopupCard.swift */; };
		10E47A572EAFB29E000862A5 /* SBSeparator.swift in Sources */ = {isa = PBXBuildFile; fileRef = 10E47A562EAFB29E000862A5 /* SBSeparator.swift */; };
/* End PBXBuildFile section */

/* Begin PBXFileReference section */
		103D89B72EAFC490008719C8 /* SBRoundEntryViewModel.swift */ = {isa = PBXFileReference; lastKnownFileType = sourcecode.swift; path = SBRoundEntryViewModel.swift; sourceTree = "<group>"; };
		103D89BA2EB01603008719C8 /* SettingsView.swift */ = {isa = PBXFileReference; lastKnownFileType = sourcecode.swift; path = SettingsView.swift; sourceTree = "<group>"; };
		103D89BF2EB021FE008719C8 /* Info.plist */ = {isa = PBXFileReference; lastKnownFileType = text.plist; path = Info.plist; sourceTree = "<group>"; };
		1070ED5B2E9EBD6E00E1D151 /* SBRoundEntryView.swift */ = {isa = PBXFileReference; lastKnownFileType = sourcecode.swift; path = SBRoundEntryView.swift; sourceTree = "<group>"; };
		1070ED5E2E9ED86100E1D151 /* BoolExtension.swift */ = {isa = PBXFileReference; lastKnownFileType = sourcecode.swift; path = BoolExtension.swift; sourceTree = "<group>"; };
		1070ED602E9FDACF00E1D151 /* DictionaryExtension.swift */ = {isa = PBXFileReference; lastKnownFileType = sourcecode.swift; path = DictionaryExtension.swift; sourceTree = "<group>"; };
		1070ED622EA10AF200E1D151 /* SchnapsGameViewModel.swift */ = {isa = PBXFileReference; lastKnownFileType = sourcecode.swift; path = SchnapsGameViewModel.swift; sourceTree = "<group>"; };
		1070ED642EA29BF100E1D151 /* UUIDExtension.swift */ = {isa = PBXFileReference; lastKnownFileType = sourcecode.swift; path = UUIDExtension.swift; sourceTree = "<group>"; };
		1070ED662EA8E9E200E1D151 /* ViewExtension.swift */ = {isa = PBXFileReference; lastKnownFileType = sourcecode.swift; path = ViewExtension.swift; sourceTree = "<group>"; };
		1070ED682EA8EADB00E1D151 /* TextExtension.swift */ = {isa = PBXFileReference; lastKnownFileType = sourcecode.swift; path = TextExtension.swift; sourceTree = "<group>"; };
		1072E9C22D4FDE01000F7B20 /* SBPlayer.swift */ = {isa = PBXFileReference; lastKnownFileType = sourcecode.swift; path = SBPlayer.swift; sourceTree = "<group>"; };
		1072E9C42D4FDE64000F7B20 /* SBGameRound.swift */ = {isa = PBXFileReference; lastKnownFileType = sourcecode.swift; path = SBGameRound.swift; sourceTree = "<group>"; };
		1072E9C62D4FDE73000F7B20 /* SBGameType.swift */ = {isa = PBXFileReference; lastKnownFileType = sourcecode.swift; path = SBGameType.swift; sourceTree = "<group>"; };
		1072E9C82D4FE23F000F7B20 /* SBGame.swift */ = {isa = PBXFileReference; lastKnownFileType = sourcecode.swift; path = SBGame.swift; sourceTree = "<group>"; };
		1072E9CA2D4FE39C000F7B20 /* SBSchnapsBook.swift */ = {isa = PBXFileReference; lastKnownFileType = sourcecode.swift; path = SBSchnapsBook.swift; sourceTree = "<group>"; };
		1072E9E92D50FD10000F7B20 /* PlayersView.swift */ = {isa = PBXFileReference; lastKnownFileType = sourcecode.swift; path = PlayersView.swift; sourceTree = "<group>"; };
		1072E9EC2D50FE56000F7B20 /* SchnapsGamesView.swift */ = {isa = PBXFileReference; lastKnownFileType = sourcecode.swift; path = SchnapsGamesView.swift; sourceTree = "<group>"; };
		1072E9EE2D5104AF000F7B20 /* PlayerDetail.swift */ = {isa = PBXFileReference; lastKnownFileType = sourcecode.swift; path = PlayerDetail.swift; sourceTree = "<group>"; };
		1072E9F02D510A97000F7B20 /* NewPlayerView.swift */ = {isa = PBXFileReference; lastKnownFileType = sourcecode.swift; path = NewPlayerView.swift; sourceTree = "<group>"; };
		1072E9F22D512FDE000F7B20 /* GameCreationView.swift */ = {isa = PBXFileReference; lastKnownFileType = sourcecode.swift; path = GameCreationView.swift; sourceTree = "<group>"; };
		107940C62EAA5D84000A9918 /* launchscreen.storyboard */ = {isa = PBXFileReference; lastKnownFileType = file.storyboard; path = launchscreen.storyboard; sourceTree = "<group>"; };
		107940C92EAA75C7000A9918 /* FormTextLabelRow.swift */ = {isa = PBXFileReference; lastKnownFileType = sourcecode.swift; path = FormTextLabelRow.swift; sourceTree = "<group>"; };
		107940CB2EAA7DCE000A9918 /* Colors.xcassets */ = {isa = PBXFileReference; lastKnownFileType = folder.assetcatalog; path = Colors.xcassets; sourceTree = "<group>"; };
		107940CD2EAA8DB4000A9918 /* ColorExtension.swift */ = {isa = PBXFileReference; lastKnownFileType = sourcecode.swift; path = ColorExtension.swift; sourceTree = "<group>"; };
		107940CF2EAA98CA000A9918 /* NavigationBarExtension.swift */ = {isa = PBXFileReference; lastKnownFileType = sourcecode.swift; path = NavigationBarExtension.swift; sourceTree = "<group>"; };
		10D862F52D3BD5A1000C66E6 /* SchnapsBook.app */ = {isa = PBXFileReference; explicitFileType = wrapper.application; includeInIndex = 0; path = SchnapsBook.app; sourceTree = BUILT_PRODUCTS_DIR; };
		10D862F82D3BD5A1000C66E6 /* SchnapsBookApp.swift */ = {isa = PBXFileReference; lastKnownFileType = sourcecode.swift; path = SchnapsBookApp.swift; sourceTree = "<group>"; };
		10D862FE2D3BD5A3000C66E6 /* Assets.xcassets */ = {isa = PBXFileReference; lastKnownFileType = folder.assetcatalog; path = Assets.xcassets; sourceTree = "<group>"; };
		10D863012D3BD5A3000C66E6 /* Preview Assets.xcassets */ = {isa = PBXFileReference; lastKnownFileType = folder.assetcatalog; path = "Preview Assets.xcassets"; sourceTree = "<group>"; };
		10D8630A2D3BD607000C66E6 /* SchnapsViewModel.swift */ = {isa = PBXFileReference; lastKnownFileType = sourcecode.swift; path = SchnapsViewModel.swift; sourceTree = "<group>"; };
		10D8630E2D3BD8A2000C66E6 /* SchnapsMainView.swift */ = {isa = PBXFileReference; lastKnownFileType = sourcecode.swift; path = SchnapsMainView.swift; sourceTree = "<group>"; };
		10D863102D3BD8B0000C66E6 /* SchnapsGameView.swift */ = {isa = PBXFileReference; lastKnownFileType = sourcecode.swift; path = SchnapsGameView.swift; sourceTree = "<group>"; };
		10E47A492EAD05B8000862A5 /* DisabledStylingModifier.swift */ = {isa = PBXFileReference; lastKnownFileType = sourcecode.swift; path = DisabledStylingModifier.swift; sourceTree = "<group>"; };
		10E47A4B2EAD4BB6000862A5 /* FormStyleModifier.swift */ = {isa = PBXFileReference; lastKnownFileType = sourcecode.swift; path = FormStyleModifier.swift; sourceTree = "<group>"; };
		10E47A4D2EAD4C4A000862A5 /* ButtonStylingModifier.swift */ = {isa = PBXFileReference; lastKnownFileType = sourcecode.swift; path = ButtonStylingModifier.swift; sourceTree = "<group>"; };
		10E47A4F2EAD4DD7000862A5 /* SBButton.swift */ = {isa = PBXFileReference; lastKnownFileType = sourcecode.swift; path = SBButton.swift; sourceTree = "<group>"; };
		10E47A522EAEC915000862A5 /* RoundDetailPopup.swift */ = {isa = PBXFileReference; lastKnownFileType = sourcecode.swift; path = RoundDetailPopup.swift; sourceTree = "<group>"; };
		10E47A542EAECB1E000862A5 /* SBPopupCard.swift */ = {isa = PBXFileReference; lastKnownFileType = sourcecode.swift; path = SBPopupCard.swift; sourceTree = "<group>"; };
		10E47A562EAFB29E000862A5 /* SBSeparator.swift */ = {isa = PBXFileReference; lastKnownFileType = sourcecode.swift; path = SBSeparator.swift; sourceTree = "<group>"; };
/* End PBXFileReference section */

/* Begin PBXFrameworksBuildPhase section */
		10D862F22D3BD5A1000C66E6 /* Frameworks */ = {
			isa = PBXFrameworksBuildPhase;
			buildActionMask = 2147483647;
			files = (
			);
			runOnlyForDeploymentPostprocessing = 0;
		};
/* End PBXFrameworksBuildPhase section */

/* Begin PBXGroup section */
		103D89B92EB015DB008719C8 /* Settings */ = {
			isa = PBXGroup;
			children = (
				103D89BA2EB01603008719C8 /* SettingsView.swift */,
			);
			path = Settings;
			sourceTree = "<group>";
		};
		1070ED5D2E9ED85900E1D151 /* Utils */ = {
			isa = PBXGroup;
			children = (
				10E47A482EAD05A0000862A5 /* Modifiers */,
				107940CF2EAA98CA000A9918 /* NavigationBarExtension.swift */,
				107940C82EAA75A7000A9918 /* Components */,
				1070ED682EA8EADB00E1D151 /* TextExtension.swift */,
				107940CD2EAA8DB4000A9918 /* ColorExtension.swift */,
				1070ED662EA8E9E200E1D151 /* ViewExtension.swift */,
				1070ED642EA29BF100E1D151 /* UUIDExtension.swift */,
				1070ED602E9FDACF00E1D151 /* DictionaryExtension.swift */,
				1070ED5E2E9ED86100E1D151 /* BoolExtension.swift */,
			);
			path = Utils;
			sourceTree = "<group>";
		};
		1072E9C12D4FDDE3000F7B20 /* Model */ = {
			isa = PBXGroup;
			children = (
				1072E9C22D4FDE01000F7B20 /* SBPlayer.swift */,
				1072E9C42D4FDE64000F7B20 /* SBGameRound.swift */,
				1072E9C62D4FDE73000F7B20 /* SBGameType.swift */,
				1072E9C82D4FE23F000F7B20 /* SBGame.swift */,
				1072E9CA2D4FE39C000F7B20 /* SBSchnapsBook.swift */,
			);
			path = Model;
			sourceTree = "<group>";
		};
		1072E9E82D50FCFF000F7B20 /* Players */ = {
			isa = PBXGroup;
			children = (
				1072E9E92D50FD10000F7B20 /* PlayersView.swift */,
				1072E9EE2D5104AF000F7B20 /* PlayerDetail.swift */,
				1072E9F02D510A97000F7B20 /* NewPlayerView.swift */,
			);
			path = Players;
			sourceTree = "<group>";
		};
		1072E9EB2D50FDE5000F7B20 /* Games */ = {
			isa = PBXGroup;
			children = (
				10D8630D2D3BD656000C66E6 /* Game */,
				1072E9EC2D50FE56000F7B20 /* SchnapsGamesView.swift */,
				1072E9F22D512FDE000F7B20 /* GameCreationView.swift */,
			);
			path = Games;
			sourceTree = "<group>";
		};
		107940C82EAA75A7000A9918 /* Components */ = {
			isa = PBXGroup;
			children = (
				107940C92EAA75C7000A9918 /* FormTextLabelRow.swift */,
				10E47A4F2EAD4DD7000862A5 /* SBButton.swift */,
				10E47A542EAECB1E000862A5 /* SBPopupCard.swift */,
				10E47A562EAFB29E000862A5 /* SBSeparator.swift */,
			);
			path = Components;
			sourceTree = "<group>";
		};
		10D862EC2D3BD5A1000C66E6 = {
			isa = PBXGroup;
			children = (
				10D862F72D3BD5A1000C66E6 /* SchnapsBook */,
				10D862F62D3BD5A1000C66E6 /* Products */,
			);
			sourceTree = "<group>";
		};
		10D862F62D3BD5A1000C66E6 /* Products */ = {
			isa = PBXGroup;
			children = (
				10D862F52D3BD5A1000C66E6 /* SchnapsBook.app */,
			);
			name = Products;
			sourceTree = "<group>";
		};
		10D862F72D3BD5A1000C66E6 /* SchnapsBook */ = {
			isa = PBXGroup;
			children = (
				103D89BF2EB021FE008719C8 /* Info.plist */,
				1070ED5D2E9ED85900E1D151 /* Utils */,
				1072E9C12D4FDDE3000F7B20 /* Model */,
				10D862F82D3BD5A1000C66E6 /* SchnapsBookApp.swift */,
				10D8630C2D3BD63E000C66E6 /* Main */,
				1072E9EB2D50FDE5000F7B20 /* Games */,
				1072E9E82D50FCFF000F7B20 /* Players */,
				103D89B92EB015DB008719C8 /* Settings */,
				10D862FE2D3BD5A3000C66E6 /* Assets.xcassets */,
				107940CB2EAA7DCE000A9918 /* Colors.xcassets */,
				10D863002D3BD5A3000C66E6 /* Preview Content */,
				107940C62EAA5D84000A9918 /* launchscreen.storyboard */,
			);
			path = SchnapsBook;
			sourceTree = "<group>";
		};
		10D863002D3BD5A3000C66E6 /* Preview Content */ = {
			isa = PBXGroup;
			children = (
				10D863012D3BD5A3000C66E6 /* Preview Assets.xcassets */,
			);
			path = "Preview Content";
			sourceTree = "<group>";
		};
		10D8630C2D3BD63E000C66E6 /* Main */ = {
			isa = PBXGroup;
			children = (
				10D8630A2D3BD607000C66E6 /* SchnapsViewModel.swift */,
				10D8630E2D3BD8A2000C66E6 /* SchnapsMainView.swift */,
			);
			path = Main;
			sourceTree = "<group>";
		};
		10D8630D2D3BD656000C66E6 /* Game */ = {
			isa = PBXGroup;
			children = (
				10E47A512EAEC8E7000862A5 /* RoundPopup */,
				1070ED622EA10AF200E1D151 /* SchnapsGameViewModel.swift */,
				10D863102D3BD8B0000C66E6 /* SchnapsGameView.swift */,
				103D89B72EAFC490008719C8 /* SBRoundEntryViewModel.swift */,
				1070ED5B2E9EBD6E00E1D151 /* SBRoundEntryView.swift */,
			);
			path = Game;
			sourceTree = "<group>";
		};
		10E47A482EAD05A0000862A5 /* Modifiers */ = {
			isa = PBXGroup;
			children = (
				10E47A4D2EAD4C4A000862A5 /* ButtonStylingModifier.swift */,
				10E47A4B2EAD4BB6000862A5 /* FormStyleModifier.swift */,
				10E47A492EAD05B8000862A5 /* DisabledStylingModifier.swift */,
			);
			path = Modifiers;
			sourceTree = "<group>";
		};
		10E47A512EAEC8E7000862A5 /* RoundPopup */ = {
			isa = PBXGroup;
			children = (
				10E47A522EAEC915000862A5 /* RoundDetailPopup.swift */,
			);
			path = RoundPopup;
			sourceTree = "<group>";
		};
/* End PBXGroup section */

/* Begin PBXNativeTarget section */
		10D862F42D3BD5A1000C66E6 /* SchnapsBook */ = {
			isa = PBXNativeTarget;
			buildConfigurationList = 10D863052D3BD5A3000C66E6 /* Build configuration list for PBXNativeTarget "SchnapsBook" */;
			buildPhases = (
				10D862F12D3BD5A1000C66E6 /* Sources */,
				10D862F22D3BD5A1000C66E6 /* Frameworks */,
				10D862F32D3BD5A1000C66E6 /* Resources */,
			);
			buildRules = (
			);
			dependencies = (
			);
			name = SchnapsBook;
			productName = SchnapsBook;
			productReference = 10D862F52D3BD5A1000C66E6 /* SchnapsBook.app */;
			productType = "com.apple.product-type.application";
		};
/* End PBXNativeTarget section */

/* Begin PBXProject section */
		10D862ED2D3BD5A1000C66E6 /* Project object */ = {
			isa = PBXProject;
			attributes = {
				BuildIndependentTargetsInParallel = 1;
				LastSwiftUpdateCheck = 1520;
				LastUpgradeCheck = 1520;
				TargetAttributes = {
					10D862F42D3BD5A1000C66E6 = {
						CreatedOnToolsVersion = 15.2;
					};
				};
			};
			buildConfigurationList = 10D862F02D3BD5A1000C66E6 /* Build configuration list for PBXProject "SchnapsBook" */;
			compatibilityVersion = "Xcode 14.0";
			developmentRegion = en;
			hasScannedForEncodings = 0;
			knownRegions = (
				en,
				Base,
			);
			mainGroup = 10D862EC2D3BD5A1000C66E6;
			productRefGroup = 10D862F62D3BD5A1000C66E6 /* Products */;
			projectDirPath = "";
			projectRoot = "";
			targets = (
				10D862F42D3BD5A1000C66E6 /* SchnapsBook */,
			);
		};
/* End PBXProject section */

/* Begin PBXResourcesBuildPhase section */
		10D862F32D3BD5A1000C66E6 /* Resources */ = {
			isa = PBXResourcesBuildPhase;
			buildActionMask = 2147483647;
			files = (
				103D89BC2EB020EA008719C8 /* launchscreen.storyboard in Resources */,
				107940CC2EAA7DCE000A9918 /* Colors.xcassets in Resources */,
				10D863022D3BD5A3000C66E6 /* Preview Assets.xcassets in Resources */,
				10D862FF2D3BD5A3000C66E6 /* Assets.xcassets in Resources */,
			);
			runOnlyForDeploymentPostprocessing = 0;
		};
/* End PBXResourcesBuildPhase section */

/* Begin PBXSourcesBuildPhase section */
		10D862F12D3BD5A1000C66E6 /* Sources */ = {
			isa = PBXSourcesBuildPhase;
			buildActionMask = 2147483647;
			files = (
				1072E9C72D4FDE73000F7B20 /* SBGameType.swift in Sources */,
				107940D02EAA98D7000A9918 /* NavigationBarExtension.swift in Sources */,
				1072E9C32D4FDE01000F7B20 /* SBPlayer.swift in Sources */,
				107940CE2EAA8DB8000A9918 /* ColorExtension.swift in Sources */,
				1072E9F32D512FDE000F7B20 /* GameCreationView.swift in Sources */,
				1072E9ED2D50FE56000F7B20 /* SchnapsGamesView.swift in Sources */,
				10D862F92D3BD5A1000C66E6 /* SchnapsBookApp.swift in Sources */,
				10E47A552EAECB1E000862A5 /* SBPopupCard.swift in Sources */,
				1070ED632EA10AF900E1D151 /* SchnapsGameViewModel.swift in Sources */,
				10E47A4A2EAD05CF000862A5 /* DisabledStylingModifier.swift in Sources */,
				10D8630B2D3BD607000C66E6 /* SchnapsViewModel.swift in Sources */,
				10D863112D3BD8B0000C66E6 /* SchnapsGameView.swift in Sources */,
				1070ED5F2E9ED86700E1D151 /* BoolExtension.swift in Sources */,
				1072E9EF2D5104AF000F7B20 /* PlayerDetail.swift in Sources */,
				10E47A502EAD4DD7000862A5 /* SBButton.swift in Sources */,
				1070ED692EA8EAE100E1D151 /* TextExtension.swift in Sources */,
				1070ED612E9FDAD600E1D151 /* DictionaryExtension.swift in Sources */,
				103D89B82EAFC4A0008719C8 /* SBRoundEntryViewModel.swift in Sources */,
				1070ED652EA29BFB00E1D151 /* UUIDExtension.swift in Sources */,
				1072E9EA2D50FD10000F7B20 /* PlayersView.swift in Sources */,
				1070ED5C2E9EBD6E00E1D151 /* SBRoundEntryView.swift in Sources */,
				103D89BB2EB01603008719C8 /* SettingsView.swift in Sources */,
				1070ED672EA8E9E800E1D151 /* ViewExtension.swift in Sources */,
				10E47A4C2EAD4BC1000862A5 /* FormStyleModifier.swift in Sources */,
				10E47A532EAEC915000862A5 /* RoundDetailPopup.swift in Sources */,
				107940CA2EAA75C7000A9918 /* FormTextLabelRow.swift in Sources */,
				1072E9C92D4FE23F000F7B20 /* SBGame.swift in Sources */,
				1072E9C52D4FDE64000F7B20 /* SBGameRound.swift in Sources */,
				1072E9CB2D4FE39C000F7B20 /* SBSchnapsBook.swift in Sources */,
				1072E9F12D510A97000F7B20 /* NewPlayerView.swift in Sources */,
				10E47A572EAFB29E000862A5 /* SBSeparator.swift in Sources */,
				10D8630F2D3BD8A2000C66E6 /* SchnapsMainView.swift in Sources */,
				10E47A4E2EAD4C5C000862A5 /* ButtonStylingModifier.swift in Sources */,
			);
			runOnlyForDeploymentPostprocessing = 0;
		};
/* End PBXSourcesBuildPhase section */

/* Begin XCBuildConfiguration section */
		10D863032D3BD5A3000C66E6 /* Debug */ = {
			isa = XCBuildConfiguration;
			buildSettings = {
				ALWAYS_SEARCH_USER_PATHS = NO;
				ASSETCATALOG_COMPILER_GENERATE_SWIFT_ASSET_SYMBOL_EXTENSIONS = YES;
				CLANG_ANALYZER_NONNULL = YES;
				CLANG_ANALYZER_NUMBER_OBJECT_CONVERSION = YES_AGGRESSIVE;
				CLANG_CXX_LANGUAGE_STANDARD = "gnu++20";
				CLANG_ENABLE_MODULES = YES;
				CLANG_ENABLE_OBJC_ARC = YES;
				CLANG_ENABLE_OBJC_WEAK = YES;
				CLANG_WARN_BLOCK_CAPTURE_AUTORELEASING = YES;
				CLANG_WARN_BOOL_CONVERSION = YES;
				CLANG_WARN_COMMA = YES;
				CLANG_WARN_CONSTANT_CONVERSION = YES;
				CLANG_WARN_DEPRECATED_OBJC_IMPLEMENTATIONS = YES;
				CLANG_WARN_DIRECT_OBJC_ISA_USAGE = YES_ERROR;
				CLANG_WARN_DOCUMENTATION_COMMENTS = YES;
				CLANG_WARN_EMPTY_BODY = YES;
				CLANG_WARN_ENUM_CONVERSION = YES;
				CLANG_WARN_INFINITE_RECURSION = YES;
				CLANG_WARN_INT_CONVERSION = YES;
				CLANG_WARN_NON_LITERAL_NULL_CONVERSION = YES;
				CLANG_WARN_OBJC_IMPLICIT_RETAIN_SELF = YES;
				CLANG_WARN_OBJC_LITERAL_CONVERSION = YES;
				CLANG_WARN_OBJC_ROOT_CLASS = YES_ERROR;
				CLANG_WARN_QUOTED_INCLUDE_IN_FRAMEWORK_HEADER = YES;
				CLANG_WARN_RANGE_LOOP_ANALYSIS = YES;
				CLANG_WARN_STRICT_PROTOTYPES = YES;
				CLANG_WARN_SUSPICIOUS_MOVE = YES;
				CLANG_WARN_UNGUARDED_AVAILABILITY = YES_AGGRESSIVE;
				CLANG_WARN_UNREACHABLE_CODE = YES;
				CLANG_WARN__DUPLICATE_METHOD_MATCH = YES;
				COPY_PHASE_STRIP = NO;
				DEBUG_INFORMATION_FORMAT = dwarf;
				ENABLE_STRICT_OBJC_MSGSEND = YES;
				ENABLE_TESTABILITY = YES;
				ENABLE_USER_SCRIPT_SANDBOXING = YES;
				GCC_C_LANGUAGE_STANDARD = gnu17;
				GCC_DYNAMIC_NO_PIC = NO;
				GCC_NO_COMMON_BLOCKS = YES;
				GCC_OPTIMIZATION_LEVEL = 0;
				GCC_PREPROCESSOR_DEFINITIONS = (
					"DEBUG=1",
					"$(inherited)",
				);
				GCC_WARN_64_TO_32_BIT_CONVERSION = YES;
				GCC_WARN_ABOUT_RETURN_TYPE = YES_ERROR;
				GCC_WARN_UNDECLARED_SELECTOR = YES;
				GCC_WARN_UNINITIALIZED_AUTOS = YES_AGGRESSIVE;
				GCC_WARN_UNUSED_FUNCTION = YES;
				GCC_WARN_UNUSED_VARIABLE = YES;
				IPHONEOS_DEPLOYMENT_TARGET = 17.2;
				LOCALIZATION_PREFERS_STRING_CATALOGS = YES;
				MTL_ENABLE_DEBUG_INFO = INCLUDE_SOURCE;
				MTL_FAST_MATH = YES;
				ONLY_ACTIVE_ARCH = YES;
				SDKROOT = iphoneos;
				SWIFT_ACTIVE_COMPILATION_CONDITIONS = "DEBUG $(inherited)";
				SWIFT_OPTIMIZATION_LEVEL = "-Onone";
			};
			name = Debug;
		};
		10D863042D3BD5A3000C66E6 /* Release */ = {
			isa = XCBuildConfiguration;
			buildSettings = {
				ALWAYS_SEARCH_USER_PATHS = NO;
				ASSETCATALOG_COMPILER_GENERATE_SWIFT_ASSET_SYMBOL_EXTENSIONS = YES;
				CLANG_ANALYZER_NONNULL = YES;
				CLANG_ANALYZER_NUMBER_OBJECT_CONVERSION = YES_AGGRESSIVE;
				CLANG_CXX_LANGUAGE_STANDARD = "gnu++20";
				CLANG_ENABLE_MODULES = YES;
				CLANG_ENABLE_OBJC_ARC = YES;
				CLANG_ENABLE_OBJC_WEAK = YES;
				CLANG_WARN_BLOCK_CAPTURE_AUTORELEASING = YES;
				CLANG_WARN_BOOL_CONVERSION = YES;
				CLANG_WARN_COMMA = YES;
				CLANG_WARN_CONSTANT_CONVERSION = YES;
				CLANG_WARN_DEPRECATED_OBJC_IMPLEMENTATIONS = YES;
				CLANG_WARN_DIRECT_OBJC_ISA_USAGE = YES_ERROR;
				CLANG_WARN_DOCUMENTATION_COMMENTS = YES;
				CLANG_WARN_EMPTY_BODY = YES;
				CLANG_WARN_ENUM_CONVERSION = YES;
				CLANG_WARN_INFINITE_RECURSION = YES;
				CLANG_WARN_INT_CONVERSION = YES;
				CLANG_WARN_NON_LITERAL_NULL_CONVERSION = YES;
				CLANG_WARN_OBJC_IMPLICIT_RETAIN_SELF = YES;
				CLANG_WARN_OBJC_LITERAL_CONVERSION = YES;
				CLANG_WARN_OBJC_ROOT_CLASS = YES_ERROR;
				CLANG_WARN_QUOTED_INCLUDE_IN_FRAMEWORK_HEADER = YES;
				CLANG_WARN_RANGE_LOOP_ANALYSIS = YES;
				CLANG_WARN_STRICT_PROTOTYPES = YES;
				CLANG_WARN_SUSPICIOUS_MOVE = YES;
				CLANG_WARN_UNGUARDED_AVAILABILITY = YES_AGGRESSIVE;
				CLANG_WARN_UNREACHABLE_CODE = YES;
				CLANG_WARN__DUPLICATE_METHOD_MATCH = YES;
				COPY_PHASE_STRIP = NO;
				DEBUG_INFORMATION_FORMAT = "dwarf-with-dsym";
				ENABLE_NS_ASSERTIONS = NO;
				ENABLE_STRICT_OBJC_MSGSEND = YES;
				ENABLE_USER_SCRIPT_SANDBOXING = YES;
				GCC_C_LANGUAGE_STANDARD = gnu17;
				GCC_NO_COMMON_BLOCKS = YES;
				GCC_WARN_64_TO_32_BIT_CONVERSION = YES;
				GCC_WARN_ABOUT_RETURN_TYPE = YES_ERROR;
				GCC_WARN_UNDECLARED_SELECTOR = YES;
				GCC_WARN_UNINITIALIZED_AUTOS = YES_AGGRESSIVE;
				GCC_WARN_UNUSED_FUNCTION = YES;
				GCC_WARN_UNUSED_VARIABLE = YES;
				IPHONEOS_DEPLOYMENT_TARGET = 17.2;
				LOCALIZATION_PREFERS_STRING_CATALOGS = YES;
				MTL_ENABLE_DEBUG_INFO = NO;
				MTL_FAST_MATH = YES;
				SDKROOT = iphoneos;
				SWIFT_COMPILATION_MODE = wholemodule;
				VALIDATE_PRODUCT = YES;
			};
			name = Release;
		};
		10D863062D3BD5A3000C66E6 /* Debug */ = {
			isa = XCBuildConfiguration;
			buildSettings = {
				ASSETCATALOG_COMPILER_APPICON_NAME = AppIcon;
				ASSETCATALOG_COMPILER_GLOBAL_ACCENT_COLOR_NAME = AccentColor;
				ASSETCATALOG_COMPILER_INCLUDE_ALL_APPICON_ASSETS = YES;
				CODE_SIGN_STYLE = Automatic;
				CURRENT_PROJECT_VERSION = 1;
				DEVELOPMENT_ASSET_PATHS = "\"SchnapsBook/Preview Content\"";
				DEVELOPMENT_TEAM = L5A5A4W2DN;
				ENABLE_PREVIEWS = YES;
				GENERATE_INFOPLIST_FILE = YES;
				INFOPLIST_FILE = SchnapsBook/Info.plist;
				INFOPLIST_KEY_UIApplicationSceneManifest_Generation = YES;
				INFOPLIST_KEY_UIApplicationSupportsIndirectInputEvents = YES;
				INFOPLIST_KEY_UILaunchScreen_Generation = YES;
				INFOPLIST_KEY_UILaunchStoryboardName = launchscreen.storyboard;
				INFOPLIST_KEY_UISupportedInterfaceOrientations_iPad = "UIInterfaceOrientationPortrait UIInterfaceOrientationPortraitUpsideDown UIInterfaceOrientationLandscapeLeft UIInterfaceOrientationLandscapeRight";
				INFOPLIST_KEY_UISupportedInterfaceOrientations_iPhone = "UIInterfaceOrientationPortrait UIInterfaceOrientationLandscapeLeft UIInterfaceOrientationLandscapeRight";
				IPHONEOS_DEPLOYMENT_TARGET = 26.0;
				LD_RUNPATH_SEARCH_PATHS = (
					"$(inherited)",
					"@executable_path/Frameworks",
				);
				MARKETING_VERSION = 1.0;
				PRODUCT_BUNDLE_IDENTIFIER = com.simonskalicky.SchnapsBook;
				PRODUCT_NAME = "$(TARGET_NAME)";
				SWIFT_EMIT_LOC_STRINGS = YES;
				SWIFT_VERSION = 5.0;
				TARGETED_DEVICE_FAMILY = "1,2";
			};
			name = Debug;
		};
		10D863072D3BD5A3000C66E6 /* Release */ = {
			isa = XCBuildConfiguration;
			buildSettings = {
				ASSETCATALOG_COMPILER_APPICON_NAME = AppIcon;
				ASSETCATALOG_COMPILER_GLOBAL_ACCENT_COLOR_NAME = AccentColor;
				ASSETCATALOG_COMPILER_INCLUDE_ALL_APPICON_ASSETS = YES;
				CODE_SIGN_STYLE = Automatic;
				CURRENT_PROJECT_VERSION = 1;
				DEVELOPMENT_ASSET_PATHS = "\"SchnapsBook/Preview Content\"";
				DEVELOPMENT_TEAM = L5A5A4W2DN;
				ENABLE_PREVIEWS = YES;
				GENERATE_INFOPLIST_FILE = YES;
				INFOPLIST_FILE = SchnapsBook/Info.plist;
				INFOPLIST_KEY_UIApplicationSceneManifest_Generation = YES;
				INFOPLIST_KEY_UIApplicationSupportsIndirectInputEvents = YES;
				INFOPLIST_KEY_UILaunchScreen_Generation = YES;
				INFOPLIST_KEY_UILaunchStoryboardName = launchscreen.storyboard;
				INFOPLIST_KEY_UISupportedInterfaceOrientations_iPad = "UIInterfaceOrientationPortrait UIInterfaceOrientationPortraitUpsideDown UIInterfaceOrientationLandscapeLeft UIInterfaceOrientationLandscapeRight";
				INFOPLIST_KEY_UISupportedInterfaceOrientations_iPhone = "UIInterfaceOrientationPortrait UIInterfaceOrientationLandscapeLeft UIInterfaceOrientationLandscapeRight";
				IPHONEOS_DEPLOYMENT_TARGET = 26.0;
				LD_RUNPATH_SEARCH_PATHS = (
					"$(inherited)",
					"@executable_path/Frameworks",
				);
				MARKETING_VERSION = 1.0;
				PRODUCT_BUNDLE_IDENTIFIER = com.simonskalicky.SchnapsBook;
				PRODUCT_NAME = "$(TARGET_NAME)";
				SWIFT_EMIT_LOC_STRINGS = YES;
				SWIFT_VERSION = 5.0;
				TARGETED_DEVICE_FAMILY = "1,2";
			};
			name = Release;
		};
/* End XCBuildConfiguration section */

/* Begin XCConfigurationList section */
		10D862F02D3BD5A1000C66E6 /* Build configuration list for PBXProject "SchnapsBook" */ = {
			isa = XCConfigurationList;
			buildConfigurations = (
				10D863032D3BD5A3000C66E6 /* Debug */,
				10D863042D3BD5A3000C66E6 /* Release */,
			);
			defaultConfigurationIsVisible = 0;
			defaultConfigurationName = Release;
		};
		10D863052D3BD5A3000C66E6 /* Build configuration list for PBXNativeTarget "SchnapsBook" */ = {
			isa = XCConfigurationList;
			buildConfigurations = (
				10D863062D3BD5A3000C66E6 /* Debug */,
				10D863072D3BD5A3000C66E6 /* Release */,
			);
			defaultConfigurationIsVisible = 0;
			defaultConfigurationName = Release;
		};
/* End XCConfigurationList section */
	};
	rootObject = 10D862ED2D3BD5A1000C66E6 /* Project object */;
}
